{
  "name": "util",
  "lockfileVersion": 3,
  "requires": true,
  "packages": {
    "": {
      "dependencies": {
        "@tabler/icons-webfont": "^3.4.0"
      }
    },
    "node_modules/@tabler/icons": {
      "version": "3.4.0",
      "resolved": "https://registry.npmjs.org/@tabler/icons/-/icons-3.4.0.tgz",
      "integrity": "sha512-6gYHXG0xAJgt2KPcTYDqhe3xYoJMTgz/ZfYup4EUHsxzYsz6rBlt8WgavHsGaWckaqH7ApR/epYslfXZjK27yw==",
      "funding": {
        "type": "github",
        "url": "https://github.com/sponsors/codecalm"
      }
    },
    "node_modules/@tabler/icons-webfont": {
      "version": "3.4.0",
      "resolved": "https://registry.npmjs.org/@tabler/icons-webfont/-/icons-webfont-3.4.0.tgz",
      "integrity": "sha512-a8TVXX2YQkDaC41qbDzAK/NuMqjC+LxjBk+ZVgzvhvKQpTKS6dRjz54w3Ag5BjjppzPZjhmFwtLe0pJLzzIISg==",
      "dependencies": {
        "@tabler/icons": "3.4.0"
      },
      "funding": {
        "type": "github",
        "url": "https://github.com/sponsors/codecalm"
      }
    }
  }
}
