{
  "name": "util",
  "lockfileVersion": 3,
  "requires": true,
  "packages": {
    "": {
      "dependencies": {
        "@tabler/icons-webfont": "^3.3.0"
      }
    },
    "node_modules/@tabler/icons": {
      "version": "3.3.0",
      "resolved": "https://registry.npmjs.org/@tabler/icons/-/icons-3.3.0.tgz",
      "integrity": "sha512-PLVe9d7b59sKytbx00KgeGhQG3N176Ezv8YMmsnSz4s0ifDzMWlp/h2wEfQZ0ZNe8e377GY2OW6kovUe3Rnd0g==",
      "funding": {
        "type": "github",
        "url": "https://github.com/sponsors/codecalm"
      }
    },
    "node_modules/@tabler/icons-webfont": {
      "version": "3.3.0",
      "resolved": "https://registry.npmjs.org/@tabler/icons-webfont/-/icons-webfont-3.3.0.tgz",
      "integrity": "sha512-vMsxtwTXdC4QH4uDajZjBYThILEI0dP+Mn1s4XZkVtnJ793IF31i3596nYetWhAJnrED0UJ0HQWSbmqVxVQbxA==",
      "dependencies": {
        "@tabler/icons": "3.3.0"
      },
      "funding": {
        "type": "github",
        "url": "https://github.com/sponsors/codecalm"
      }
    }
  }
}
