{
  "name": "util",
  "lockfileVersion": 3,
  "requires": true,
  "packages": {
    "": {
      "dependencies": {
        "@tabler/icons-webfont": "^3.16.0"
      }
    },
    "node_modules/@tabler/icons": {
      "version": "3.16.0",
      "resolved": "https://registry.npmjs.org/@tabler/icons/-/icons-3.16.0.tgz",
      "integrity": "sha512-GU7MSx4uQEr55BmyON6hD/QYTl6k1v0YlRhM91gBWDoKAbyCt6QIYw7rpJ/ecdh5zrHaTOJKPenZ4+luoutwFA==",
      "funding": {
        "type": "github",
        "url": "https://github.com/sponsors/codecalm"
      }
    },
    "node_modules/@tabler/icons-webfont": {
      "version": "3.16.0",
      "resolved": "https://registry.npmjs.org/@tabler/icons-webfont/-/icons-webfont-3.16.0.tgz",
      "integrity": "sha512-PpnP07LmcUD+NvFRSoWUCClPAibO5b7r1IFyI5yWPSIuruJf8xXU9SAjwoP37A9FMhD2b5T9G0ft6kNwjWUPyg==",
      "dependencies": {
        "@tabler/icons": "3.16.0"
      },
      "funding": {
        "type": "github",
        "url": "https://github.com/sponsors/codecalm"
      }
    }
  }
}
